
Microsoft Visual Studio Solution File, Format Version 12.00
# Visual Studio 2012
Project("{FAE04EC0-301F-11D3-BF4B-00C04F79EFBC}") = "ResponsiveUI", "ResponsiveUI\ResponsiveUI.csproj", "{DD0A0187-EA7B-4127-A479-AB4980DAAD52}"
EndProject
Project("{2150E333-8FDC-42A3-9474-1A3956D46DE8}") = ".nuget", ".nuget", "{D49EB988-D6FF-4E14-A0A9-84C73F70957A}"
	ProjectSection(SolutionItems) = preProject
		.nuget\NuGet.Config = .nuget\NuGet.Config
		.nuget\NuGet.exe = .nuget\NuGet.exe
		.nuget\NuGet.targets = .nuget\NuGet.targets
	EndProjectSection
EndProject
Global
	GlobalSection(SolutionConfigurationPlatforms) = preSolution
		Debug|Any CPU = Debug|Any CPU
		Release|Any CPU = Release|Any CPU
	EndGlobalSection
	GlobalSection(ProjectConfigurationPlatforms) = postSolution
		{DD0A0187-EA7B-4127-A479-AB4980DAAD52}.Debug|Any CPU.ActiveCfg = Debug|Any CPU
		{DD0A0187-EA7B-4127-A479-AB4980DAAD52}.Debug|Any CPU.Build.0 = Debug|Any CPU
		{DD0A0187-EA7B-4127-A479-AB4980DAAD52}.Release|Any CPU.ActiveCfg = Release|Any CPU
		{DD0A0187-EA7B-4127-A479-AB4980DAAD52}.Release|Any CPU.Build.0 = Release|Any CPU
	EndGlobalSection
	GlobalSection(SolutionProperties) = preSolution
		HideSolutionNode = FALSE
	EndGlobalSection
EndGlobal
